
Microsoft Visual Studio Solution File, Format Version 12.00
# Visual Studio Version 16
VisualStudioVersion = 16.0.30011.22
MinimumVisualStudioVersion = 10.0.40219.1
Project("{888888A0-9F3D-457C-B088-3A5042F75D52}") = "DiscordBot", "DiscordBot\DiscordBot.pyproj", "{A1DE0AA2-657B-4F42-809A-7766C274808A}"
EndProject
Global
	GlobalSection(SolutionConfigurationPlatforms) = preSolution
		Debug|Any CPU = Debug|Any CPU
		Release|Any CPU = Release|Any CPU
	EndGlobalSection
	GlobalSection(ProjectConfigurationPlatforms) = postSolution
		{A1DE0AA2-657B-4F42-809A-7766C274808A}.Debug|Any CPU.ActiveCfg = Debug|Any CPU
		{A1DE0AA2-657B-4F42-809A-7766C274808A}.Release|Any CPU.ActiveCfg = Release|Any CPU
	EndGlobalSection
	GlobalSection(SolutionProperties) = preSolution
		HideSolutionNode = FALSE
	EndGlobalSection
	GlobalSection(ExtensibilityGlobals) = postSolution
		SolutionGuid = {855A8413-3F63-4E76-AD2F-08982BC5EE10}
	EndGlobalSection
EndGlobal
